
Microsoft Visual Studio Solution File, Format Version 12.00
# Visual Studio 2012
Project("{FAE04EC0-301F-11D3-BF4B-00C04F79EFBC}") = "GameCore", "GameCore\GameCore.csproj", "{68B9B960-5526-49A2-8048-175E9438CFC2}"
EndProject
Project("{FAE04EC0-301F-11D3-BF4B-00C04F79EFBC}") = "TestConsole", "TestConsole\TestConsole.csproj", "{7711E95E-56E6-414F-87CA-45F4C6FC5121}"
EndProject
Project("{FAE04EC0-301F-11D3-BF4B-00C04F79EFBC}") = "GameTestForm", "GameTestForm\GameTestForm.csproj", "{0B58749D-D753-445F-9A68-57E3065FA81C}"
EndProject
Project("{2150E333-8FDC-42A3-9474-1A3956D46DE8}") = "External", "External", "{AF8B004D-CA47-4059-9C6A-D40A0543DA07}"
EndProject
Project("{FAE04EC0-301F-11D3-BF4B-00C04F79EFBC}") = "Async", "External\Async\Async.csproj", "{18BCA4A3-F860-4558-9EB7-0C7FECDBD3BE}"
EndProject
Project("{2150E333-8FDC-42A3-9474-1A3956D46DE8}") = "Solution Items", "Solution Items", "{880E6441-21D3-41FE-AC2D-79ED81A91A7D}"
	ProjectSection(SolutionItems) = preProject
		Info.txt = Info.txt
	EndProjectSection
EndProject
Project("{FAE04EC0-301F-11D3-BF4B-00C04F79EFBC}") = "GameController", "GameController\GameController.csproj", "{A8AB98BB-6707-4990-888F-E945CC95619B}"
EndProject
Project("{FAE04EC0-301F-11D3-BF4B-00C04F79EFBC}") = "OpenGL", "..\..\opengl4csharp\OpenGL\OpenGL.csproj", "{4A3D3106-AFEC-4E04-9630-7A1A2D0C16DB}"
EndProject
Global
	GlobalSection(SolutionConfigurationPlatforms) = preSolution
		Debug|Any CPU = Debug|Any CPU
		Release|Any CPU = Release|Any CPU
	EndGlobalSection
	GlobalSection(ProjectConfigurationPlatforms) = postSolution
		{68B9B960-5526-49A2-8048-175E9438CFC2}.Debug|Any CPU.ActiveCfg = Debug|Any CPU
		{68B9B960-5526-49A2-8048-175E9438CFC2}.Debug|Any CPU.Build.0 = Debug|Any CPU
		{68B9B960-5526-49A2-8048-175E9438CFC2}.Release|Any CPU.ActiveCfg = Release|Any CPU
		{68B9B960-5526-49A2-8048-175E9438CFC2}.Release|Any CPU.Build.0 = Release|Any CPU
		{7711E95E-56E6-414F-87CA-45F4C6FC5121}.Debug|Any CPU.ActiveCfg = Debug|Any CPU
		{7711E95E-56E6-414F-87CA-45F4C6FC5121}.Debug|Any CPU.Build.0 = Debug|Any CPU
		{7711E95E-56E6-414F-87CA-45F4C6FC5121}.Release|Any CPU.ActiveCfg = Release|Any CPU
		{7711E95E-56E6-414F-87CA-45F4C6FC5121}.Release|Any CPU.Build.0 = Release|Any CPU
		{0B58749D-D753-445F-9A68-57E3065FA81C}.Debug|Any CPU.ActiveCfg = Debug|Any CPU
		{0B58749D-D753-445F-9A68-57E3065FA81C}.Debug|Any CPU.Build.0 = Debug|Any CPU
		{0B58749D-D753-445F-9A68-57E3065FA81C}.Release|Any CPU.ActiveCfg = Release|Any CPU
		{0B58749D-D753-445F-9A68-57E3065FA81C}.Release|Any CPU.Build.0 = Release|Any CPU
		{18BCA4A3-F860-4558-9EB7-0C7FECDBD3BE}.Debug|Any CPU.ActiveCfg = Debug|Any CPU
		{18BCA4A3-F860-4558-9EB7-0C7FECDBD3BE}.Debug|Any CPU.Build.0 = Debug|Any CPU
		{18BCA4A3-F860-4558-9EB7-0C7FECDBD3BE}.Release|Any CPU.ActiveCfg = Release|Any CPU
		{18BCA4A3-F860-4558-9EB7-0C7FECDBD3BE}.Release|Any CPU.Build.0 = Release|Any CPU
		{A8AB98BB-6707-4990-888F-E945CC95619B}.Debug|Any CPU.ActiveCfg = Debug|Any CPU
		{A8AB98BB-6707-4990-888F-E945CC95619B}.Debug|Any CPU.Build.0 = Debug|Any CPU
		{A8AB98BB-6707-4990-888F-E945CC95619B}.Release|Any CPU.ActiveCfg = Release|Any CPU
		{A8AB98BB-6707-4990-888F-E945CC95619B}.Release|Any CPU.Build.0 = Release|Any CPU
		{4A3D3106-AFEC-4E04-9630-7A1A2D0C16DB}.Debug|Any CPU.ActiveCfg = Debug|Any CPU
		{4A3D3106-AFEC-4E04-9630-7A1A2D0C16DB}.Debug|Any CPU.Build.0 = Debug|Any CPU
		{4A3D3106-AFEC-4E04-9630-7A1A2D0C16DB}.Release|Any CPU.ActiveCfg = Release|Any CPU
		{4A3D3106-AFEC-4E04-9630-7A1A2D0C16DB}.Release|Any CPU.Build.0 = Release|Any CPU
	EndGlobalSection
	GlobalSection(SolutionProperties) = preSolution
		HideSolutionNode = FALSE
	EndGlobalSection
	GlobalSection(NestedProjects) = preSolution
		{18BCA4A3-F860-4558-9EB7-0C7FECDBD3BE} = {AF8B004D-CA47-4059-9C6A-D40A0543DA07}
		{4A3D3106-AFEC-4E04-9630-7A1A2D0C16DB} = {AF8B004D-CA47-4059-9C6A-D40A0543DA07}
	EndGlobalSection
EndGlobal
